
Microsoft Visual Studio Solution File, Format Version 12.00
# Visual Studio Version 16
VisualStudioVersion = 16.0.31911.196
MinimumVisualStudioVersion = 10.0.40219.1
Project("{FAE04EC0-301F-11D3-BF4B-00C04F79EFBC}") = "RegisterForm", "RegisterForm\RegisterForm.csproj", "{39941F0E-858E-418A-ADAE-2349C3A2492C}"
EndProject
Global
	GlobalSection(SolutionConfigurationPlatforms) = preSolution
		Debug|Any CPU = Debug|Any CPU
		Release|Any CPU = Release|Any CPU
	EndGlobalSection
	GlobalSection(ProjectConfigurationPlatforms) = postSolution
		{39941F0E-858E-418A-ADAE-2349C3A2492C}.Debug|Any CPU.ActiveCfg = Debug|Any CPU
		{39941F0E-858E-418A-ADAE-2349C3A2492C}.Debug|Any CPU.Build.0 = Debug|Any CPU
		{39941F0E-858E-418A-ADAE-2349C3A2492C}.Release|Any CPU.ActiveCfg = Release|Any CPU
		{39941F0E-858E-418A-ADAE-2349C3A2492C}.Release|Any CPU.Build.0 = Release|Any CPU
	EndGlobalSection
	GlobalSection(SolutionProperties) = preSolution
		HideSolutionNode = FALSE
	EndGlobalSection
	GlobalSection(ExtensibilityGlobals) = postSolution
		SolutionGuid = {885F6F3D-D0BD-443D-811B-3F63A1E0661B}
	EndGlobalSection
EndGlobal
